
Microsoft Visual Studio Solution File, Format Version 12.00
# Visual Studio Version 17
VisualStudioVersion = 17.6.33815.320
MinimumVisualStudioVersion = 10.0.40219.1
Project("{FAE04EC0-301F-11D3-BF4B-00C04F79EFBC}") = "RavenDB", "RavenDB.csproj", "{DD405E14-21B3-4272-8BC4-FFA47AB42AC2}"
EndProject
Global
	GlobalSection(SolutionConfigurationPlatforms) = preSolution
		Debug|Any CPU = Debug|Any CPU
		Release|Any CPU = Release|Any CPU
	EndGlobalSection
	GlobalSection(ProjectConfigurationPlatforms) = postSolution
		{DD405E14-21B3-4272-8BC4-FFA47AB42AC2}.Debug|Any CPU.ActiveCfg = Debug|Any CPU
		{DD405E14-21B3-4272-8BC4-FFA47AB42AC2}.Debug|Any CPU.Build.0 = Debug|Any CPU
		{DD405E14-21B3-4272-8BC4-FFA47AB42AC2}.Release|Any CPU.ActiveCfg = Release|Any CPU
		{DD405E14-21B3-4272-8BC4-FFA47AB42AC2}.Release|Any CPU.Build.0 = Release|Any CPU
	EndGlobalSection
	GlobalSection(SolutionProperties) = preSolution
		HideSolutionNode = FALSE
	EndGlobalSection
	GlobalSection(ExtensibilityGlobals) = postSolution
		SolutionGuid = {AAB64DD6-4F2A-4426-9C12-BC89A15CEAB6}
	EndGlobalSection
EndGlobal
